
Microsoft Visual Studio Solution File, Format Version 12.00
# Visual Studio 2012
Project("{FAE04EC0-301F-11D3-BF4B-00C04F79EFBC}") = "Employee Attendence and Task Monitoring System", "Employee Attendence and Task Monitoring System\Employee Attendence and Task Monitoring System.csproj", "{65F047C9-5208-472A-8CAE-BEEE75CF8FDA}"
EndProject
Global
	GlobalSection(SolutionConfigurationPlatforms) = preSolution
		Debug|Any CPU = Debug|Any CPU
		Release|Any CPU = Release|Any CPU
	EndGlobalSection
	GlobalSection(ProjectConfigurationPlatforms) = postSolution
		{65F047C9-5208-472A-8CAE-BEEE75CF8FDA}.Debug|Any CPU.ActiveCfg = Debug|Any CPU
		{65F047C9-5208-472A-8CAE-BEEE75CF8FDA}.Debug|Any CPU.Build.0 = Debug|Any CPU
		{65F047C9-5208-472A-8CAE-BEEE75CF8FDA}.Release|Any CPU.ActiveCfg = Release|Any CPU
		{65F047C9-5208-472A-8CAE-BEEE75CF8FDA}.Release|Any CPU.Build.0 = Release|Any CPU
	EndGlobalSection
	GlobalSection(SolutionProperties) = preSolution
		HideSolutionNode = FALSE
	EndGlobalSection
EndGlobal
